Microsoft Visual Studio Solution File, Format Version 11.00
# Visual Studio 2008

Project("{75B468AC-543D-BEAD-EF83-D45F81006021}") = "Basketball Game", "Assembly-CSharp-firstpass.csproj", "{1D8AEFD2-EC1E-0535-9BC0-C793E320848E}"
EndProject
Project("{75B468AC-543D-BEAD-EF83-D45F81006021}") = "Basketball Game", "Assembly-CSharp.csproj", "{9854F54A-1A3D-9ED3-AC9E-F338CC35697B}"
EndProject
Project("{75B468AC-543D-BEAD-EF83-D45F81006021}") = "Basketball Game", "Assembly-CSharp-Editor.csproj", "{BD6F5B1C-D6C9-5FDE-C818-860082E14CEE}"
EndProject
Global
	GlobalSection(SolutionConfigurationPlatforms) = preSolution
		Debug|Any CPU = Debug|Any CPU
		Release|Any CPU = Release|Any CPU
	EndGlobalSection
	GlobalSection(ProjectConfigurationPlatforms) = postSolution
		{1D8AEFD2-EC1E-0535-9BC0-C793E320848E}.Debug|Any CPU.ActiveCfg = Debug|Any CPU
		{1D8AEFD2-EC1E-0535-9BC0-C793E320848E}.Debug|Any CPU.Build.0 = Debug|Any CPU
		{1D8AEFD2-EC1E-0535-9BC0-C793E320848E}.Release|Any CPU.ActiveCfg = Release|Any CPU
		{1D8AEFD2-EC1E-0535-9BC0-C793E320848E}.Release|Any CPU.Build.0 = Release|Any CPU
		{9854F54A-1A3D-9ED3-AC9E-F338CC35697B}.Debug|Any CPU.ActiveCfg = Debug|Any CPU
		{9854F54A-1A3D-9ED3-AC9E-F338CC35697B}.Debug|Any CPU.Build.0 = Debug|Any CPU
		{9854F54A-1A3D-9ED3-AC9E-F338CC35697B}.Release|Any CPU.ActiveCfg = Release|Any CPU
		{9854F54A-1A3D-9ED3-AC9E-F338CC35697B}.Release|Any CPU.Build.0 = Release|Any CPU
		{BD6F5B1C-D6C9-5FDE-C818-860082E14CEE}.Debug|Any CPU.ActiveCfg = Debug|Any CPU
		{BD6F5B1C-D6C9-5FDE-C818-860082E14CEE}.Debug|Any CPU.Build.0 = Debug|Any CPU
		{BD6F5B1C-D6C9-5FDE-C818-860082E14CEE}.Release|Any CPU.ActiveCfg = Release|Any CPU
		{BD6F5B1C-D6C9-5FDE-C818-860082E14CEE}.Release|Any CPU.Build.0 = Release|Any CPU
	EndGlobalSection
	GlobalSection(SolutionProperties) = preSolution
		HideSolutionNode = FALSE
	EndGlobalSection
	GlobalSection(MonoDevelopProperties) = preSolution
		StartupItem = Assembly-CSharp.csproj
	EndGlobalSection
EndGlobal
